<Solution>
  <Project Path="Korp.Estoque.Api/Korp.Estoque.Api.csproj" Id="65da49f9-fb2d-48fb-9013-63abec462ad1" />
  <Project Path="Korp.Estoque.Application/Korp.Estoque.Application.csproj" />
  <Project Path="Korp.Estoque.Domain/Korp.Estoque.Domain.csproj" />
  <Project Path="Korp.Estoque.Infrastructure/Korp.Estoque.Infrastructure.csproj" />
</Solution>
